
Microsoft Visual Studio Solution File, Format Version 12.00
# Visual Studio Version 16
VisualStudioVersion = 16.0.30523.141
MinimumVisualStudioVersion = 10.0.40219.1
Project("{FAE04EC0-301F-11D3-BF4B-00C04F79EFBC}") = "CQRSInfra.Domain", "CQRSInfra.Domain\CQRSInfra.Domain.csproj", "{46764863-F5B0-4C9D-AA2D-5FB003323315}"
EndProject
Project("{FAE04EC0-301F-11D3-BF4B-00C04F79EFBC}") = "CQRSInfra.Infrastructure", "CQRSInfra.Infrastructure\CQRSInfra.Infrastructure.csproj", "{1F0DF588-742B-4A62-86BB-1EC2EA187527}"
EndProject
Project("{2150E333-8FDC-42A3-9474-1A3956D46DE8}") = "Test", "Test", "{40390138-9D8D-4AD6-B05F-EB9BD22331A7}"
EndProject
Project("{FAE04EC0-301F-11D3-BF4B-00C04F79EFBC}") = "CQRSInfra.Application", "CQRSInfra.Application\CQRSInfra.Application.csproj", "{DC7500CB-594C-4E13-BC7D-E05BDC45E055}"
EndProject
Project("{FAE04EC0-301F-11D3-BF4B-00C04F79EFBC}") = "CQRSInfra.Api", "CQRSInfra.Api\CQRSInfra.Api.csproj", "{2EFCEC71-723C-4A17-9BF1-46495A0B3F11}"
EndProject
Project("{FAE04EC0-301F-11D3-BF4B-00C04F79EFBC}") = "IntegrationTest", "IntegrationTest\IntegrationTest.csproj", "{48B65F9F-6AAA-4A8E-8BDB-36ECCAB5DF24}"
EndProject
Project("{FAE04EC0-301F-11D3-BF4B-00C04F79EFBC}") = "UnitTest", "UnitTest\UnitTest.csproj", "{AB9EDF41-967E-4A52-B986-5F7E39D870FC}"
EndProject
Project("{2150E333-8FDC-42A3-9474-1A3956D46DE8}") = "SQLScript", "SQLScript", "{9FBCB865-15A5-43E6-81DB-CD807BDE7543}"
	ProjectSection(SolutionItems) = preProject
		..\sample-dotnet-core-cqrs-api\src\ClearData.sql = ..\sample-dotnet-core-cqrs-api\src\ClearData.sql
		..\sample-dotnet-core-cqrs-api\src\InitializeDatabase.sql = ..\sample-dotnet-core-cqrs-api\src\InitializeDatabase.sql
	EndProjectSection
EndProject
Global
	GlobalSection(SolutionConfigurationPlatforms) = preSolution
		Debug|Any CPU = Debug|Any CPU
		Release|Any CPU = Release|Any CPU
	EndGlobalSection
	GlobalSection(ProjectConfigurationPlatforms) = postSolution
		{46764863-F5B0-4C9D-AA2D-5FB003323315}.Debug|Any CPU.ActiveCfg = Debug|Any CPU
		{46764863-F5B0-4C9D-AA2D-5FB003323315}.Debug|Any CPU.Build.0 = Debug|Any CPU
		{46764863-F5B0-4C9D-AA2D-5FB003323315}.Release|Any CPU.ActiveCfg = Release|Any CPU
		{46764863-F5B0-4C9D-AA2D-5FB003323315}.Release|Any CPU.Build.0 = Release|Any CPU
		{1F0DF588-742B-4A62-86BB-1EC2EA187527}.Debug|Any CPU.ActiveCfg = Debug|Any CPU
		{1F0DF588-742B-4A62-86BB-1EC2EA187527}.Debug|Any CPU.Build.0 = Debug|Any CPU
		{1F0DF588-742B-4A62-86BB-1EC2EA187527}.Release|Any CPU.ActiveCfg = Release|Any CPU
		{1F0DF588-742B-4A62-86BB-1EC2EA187527}.Release|Any CPU.Build.0 = Release|Any CPU
		{DC7500CB-594C-4E13-BC7D-E05BDC45E055}.Debug|Any CPU.ActiveCfg = Debug|Any CPU
		{DC7500CB-594C-4E13-BC7D-E05BDC45E055}.Debug|Any CPU.Build.0 = Debug|Any CPU
		{DC7500CB-594C-4E13-BC7D-E05BDC45E055}.Release|Any CPU.ActiveCfg = Release|Any CPU
		{DC7500CB-594C-4E13-BC7D-E05BDC45E055}.Release|Any CPU.Build.0 = Release|Any CPU
		{2EFCEC71-723C-4A17-9BF1-46495A0B3F11}.Debug|Any CPU.ActiveCfg = Debug|Any CPU
		{2EFCEC71-723C-4A17-9BF1-46495A0B3F11}.Debug|Any CPU.Build.0 = Debug|Any CPU
		{2EFCEC71-723C-4A17-9BF1-46495A0B3F11}.Release|Any CPU.ActiveCfg = Release|Any CPU
		{2EFCEC71-723C-4A17-9BF1-46495A0B3F11}.Release|Any CPU.Build.0 = Release|Any CPU
		{48B65F9F-6AAA-4A8E-8BDB-36ECCAB5DF24}.Debug|Any CPU.ActiveCfg = Debug|Any CPU
		{48B65F9F-6AAA-4A8E-8BDB-36ECCAB5DF24}.Debug|Any CPU.Build.0 = Debug|Any CPU
		{48B65F9F-6AAA-4A8E-8BDB-36ECCAB5DF24}.Release|Any CPU.ActiveCfg = Release|Any CPU
		{48B65F9F-6AAA-4A8E-8BDB-36ECCAB5DF24}.Release|Any CPU.Build.0 = Release|Any CPU
		{AB9EDF41-967E-4A52-B986-5F7E39D870FC}.Debug|Any CPU.ActiveCfg = Debug|Any CPU
		{AB9EDF41-967E-4A52-B986-5F7E39D870FC}.Debug|Any CPU.Build.0 = Debug|Any CPU
		{AB9EDF41-967E-4A52-B986-5F7E39D870FC}.Release|Any CPU.ActiveCfg = Release|Any CPU
		{AB9EDF41-967E-4A52-B986-5F7E39D870FC}.Release|Any CPU.Build.0 = Release|Any CPU
	EndGlobalSection
	GlobalSection(SolutionProperties) = preSolution
		HideSolutionNode = FALSE
	EndGlobalSection
	GlobalSection(NestedProjects) = preSolution
		{48B65F9F-6AAA-4A8E-8BDB-36ECCAB5DF24} = {40390138-9D8D-4AD6-B05F-EB9BD22331A7}
		{AB9EDF41-967E-4A52-B986-5F7E39D870FC} = {40390138-9D8D-4AD6-B05F-EB9BD22331A7}
	EndGlobalSection
	GlobalSection(ExtensibilityGlobals) = postSolution
		SolutionGuid = {F3BC76EE-37C8-465D-A332-505D09C6E56D}
	EndGlobalSection
EndGlobal
